// !$*UTF8*$!
{
	archiveVersion = 1;
	classes = {
	};
	objectVersion = 46;
	objects = {

/* Begin PBXBuildFile section */
		A7EEDE911B2969D3006CCE90 /* main.m in Sources */ = {isa = PBXBuildFile; fileRef = A7EEDE901B2969D3006CCE90 /* main.m */; };
		A7EEDE941B2969D3006CCE90 /* AppDelegate.m in Sources */ = {isa = PBXBuildFile; fileRef = A7EEDE931B2969D3006CCE90 /* AppDelegate.m */; };
		A7EEDE971B2969D3006CCE90 /* ViewController.m in Sources */ = {isa = PBXBuildFile; fileRef = A7EEDE961B2969D3006CCE90 /* ViewController.m */; };
		A7EEDE9A1B2969D3006CCE90 /* Main.storyboard in Resources */ = {isa = PBXBuildFile; fileRef = A7EEDE981B2969D3006CCE90 /* Main.storyboard */; };
		A7EEDE9C1B2969D3006CCE90 /* Images.xcassets in Resources */ = {isa = PBXBuildFile; fileRef = A7EEDE9B1B2969D3006CCE90 /* Images.xcassets */; };
		A7EEDE9F1B2969D3006CCE90 /* LaunchScreen.xib in Resources */ = {isa = PBXBuildFile; fileRef = A7EEDE9D1B2969D3006CCE90 /* LaunchScreen.xib */; };
		A7EEDEAB1B2969D3006CCE90 /* Day_17TESTTests.m in Sources */ = {isa = PBXBuildFile; fileRef = A7EEDEAA1B2969D3006CCE90 /* Day_17TESTTests.m */; };
/* End PBXBuildFile section */

/* Begin PBXContainerItemProxy section */
		A7EEDEA51B2969D3006CCE90 /* PBXContainerItemProxy */ = {
			isa = PBXContainerItemProxy;
			containerPortal = A7EEDE831B2969D3006CCE90 /* Project object */;
			proxyType = 1;
			remoteGlobalIDString = A7EEDE8A1B2969D3006CCE90;
			remoteInfo = "Day#17TEST";
		};
/* End PBXContainerItemProxy section */

/* Begin PBXFileReference section */
		A7EEDE8B1B2969D3006CCE90 /* Day#17TEST.app */ = {isa = PBXFileReference; explicitFileType = wrapper.application; includeInIndex = 0; path = "Day#17TEST.app"; sourceTree = BUILT_PRODUCTS_DIR; };
		A7EEDE8F1B2969D3006CCE90 /* Info.plist */ = {isa = PBXFileReference; lastKnownFileType = text.plist.xml; path = Info.plist; sourceTree = "<group>"; };
		A7EEDE901B2969D3006CCE90 /* main.m */ = {isa = PBXFileReference; lastKnownFileType = sourcecode.c.objc; path = main.m; sourceTree = "<group>"; };
		A7EEDE921B2969D3006CCE90 /* AppDelegate.h */ = {isa = PBXFileReference; lastKnownFileType = sourcecode.c.h; path = AppDelegate.h; sourceTree = "<group>"; };
		A7EEDE931B2969D3006CCE90 /* AppDelegate.m */ = {isa = PBXFileReference; lastKnownFileType = sourcecode.c.objc; path = AppDelegate.m; sourceTree = "<group>"; };
		A7EEDE951B2969D3006CCE90 /* ViewController.h */ = {isa = PBXFileReference; lastKnownFileType = sourcecode.c.h; path = ViewController.h; sourceTree = "<group>"; };
		A7EEDE961B2969D3006CCE90 /* ViewController.m */ = {isa = PBXFileReference; lastKnownFileType = sourcecode.c.objc; path = ViewController.m; sourceTree = "<group>"; };
		A7EEDE991B2969D3006CCE90 /* Base */ = {isa = PBXFileReference; lastKnownFileType = file.storyboard; name = Base; path = Base.lproj/Main.storyboard; sourceTree = "<group>"; };
		A7EEDE9B1B2969D3006CCE90 /* Images.xcassets */ = {isa = PBXFileReference; lastKnownFileType = folder.assetcatalog; path = Images.xcassets; sourceTree = "<group>"; };
		A7EEDE9E1B2969D3006CCE90 /* Base */ = {isa = PBXFileReference; lastKnownFileType = file.xib; name = Base; path = Base.lproj/LaunchScreen.xib; sourceTree = "<group>"; };
		A7EEDEA41B2969D3006CCE90 /* Day#17TESTTests.xctest */ = {isa = PBXFileReference; explicitFileType = wrapper.cfbundle; includeInIndex = 0; path = "Day#17TESTTests.xctest"; sourceTree = BUILT_PRODUCTS_DIR; };
		A7EEDEA91B2969D3006CCE90 /* Info.plist */ = {isa = PBXFileReference; lastKnownFileType = text.plist.xml; path = Info.plist; sourceTree = "<group>"; };
		A7EEDEAA1B2969D3006CCE90 /* Day_17TESTTests.m */ = {isa = PBXFileReference; lastKnownFileType = sourcecode.c.objc; path = Day_17TESTTests.m; sourceTree = "<group>"; };
/* End PBXFileReference section */

/* Begin PBXFrameworksBuildPhase section */
		A7EEDE881B2969D3006CCE90 /* Frameworks */ = {
			isa = PBXFrameworksBuildPhase;
			buildActionMask = 2147483647;
			files = (
			);
			runOnlyForDeploymentPostprocessing = 0;
		};
		A7EEDEA11B2969D3006CCE90 /* Frameworks */ = {
			isa = PBXFrameworksBuildPhase;
			buildActionMask = 2147483647;
			files = (
			);
			runOnlyForDeploymentPostprocessing = 0;
		};
/* End PBXFrameworksBuildPhase section */

/* Begin PBXGroup section */
		A7EEDE821B2969D3006CCE90 = {
			isa = PBXGroup;
			children = (
				A7EEDE8D1B2969D3006CCE90 /* Day#17TEST */,
				A7EEDEA71B2969D3006CCE90 /* Day#17TESTTests */,
				A7EEDE8C1B2969D3006CCE90 /* Products */,
			);
			sourceTree = "<group>";
		};
		A7EEDE8C1B2969D3006CCE90 /* Products */ = {
			isa = PBXGroup;
			children = (
				A7EEDE8B1B2969D3006CCE90 /* Day#17TEST.app */,
				A7EEDEA41B2969D3006CCE90 /* Day#17TESTTests.xctest */,
			);
			name = Products;
			sourceTree = "<group>";
		};
		A7EEDE8D1B2969D3006CCE90 /* Day#17TEST */ = {
			isa = PBXGroup;
			children = (
				A7EEDE921B2969D3006CCE90 /* AppDelegate.h */,
				A7EEDE931B2969D3006CCE90 /* AppDelegate.m */,
				A7EEDE951B2969D3006CCE90 /* ViewController.h */,
				A7EEDE961B2969D3006CCE90 /* ViewController.m */,
				A7EEDE981B2969D3006CCE90 /* Main.storyboard */,
				A7EEDE9B1B2969D3006CCE90 /* Images.xcassets */,
				A7EEDE9D1B2969D3006CCE90 /* LaunchScreen.xib */,
				A7EEDE8E1B2969D3006CCE90 /* Supporting Files */,
			);
			path = "Day#17TEST";
			sourceTree = "<group>";
		};
		A7EEDE8E1B2969D3006CCE90 /* Supporting Files */ = {
			isa = PBXGroup;
			children = (
				A7EEDE8F1B2969D3006CCE90 /* Info.plist */,
				A7EEDE901B2969D3006CCE90 /* main.m */,
			);
			name = "Supporting Files";
			sourceTree = "<group>";
		};
		A7EEDEA71B2969D3006CCE90 /* Day#17TESTTests */ = {
			isa = PBXGroup;
			children = (
				A7EEDEAA1B2969D3006CCE90 /* Day_17TESTTests.m */,
				A7EEDEA81B2969D3006CCE90 /* Supporting Files */,
			);
			path = "Day#17TESTTests";
			sourceTree = "<group>";
		};
		A7EEDEA81B2969D3006CCE90 /* Supporting Files */ = {
			isa = PBXGroup;
			children = (
				A7EEDEA91B2969D3006CCE90 /* Info.plist */,
			);
			name = "Supporting Files";
			sourceTree = "<group>";
		};
/* End PBXGroup section */

/* Begin PBXNativeTarget section */
		A7EEDE8A1B2969D3006CCE90 /* Day#17TEST */ = {
			isa = PBXNativeTarget;
			buildConfigurationList = A7EEDEAE1B2969D3006CCE90 /* Build configuration list for PBXNativeTarget "Day#17TEST" */;
			buildPhases = (
				A7EEDE871B2969D3006CCE90 /* Sources */,
				A7EEDE881B2969D3006CCE90 /* Frameworks */,
				A7EEDE891B2969D3006CCE90 /* Resources */,
			);
			buildRules = (
			);
			dependencies = (
			);
			name = "Day#17TEST";
			productName = "Day#17TEST";
			productReference = A7EEDE8B1B2969D3006CCE90 /* Day#17TEST.app */;
			productType = "com.apple.product-type.application";
		};
		A7EEDEA31B2969D3006CCE90 /* Day#17TESTTests */ = {
			isa = PBXNativeTarget;
			buildConfigurationList = A7EEDEB11B2969D3006CCE90 /* Build configuration list for PBXNativeTarget "Day#17TESTTests" */;
			buildPhases = (
				A7EEDEA01B2969D3006CCE90 /* Sources */,
				A7EEDEA11B2969D3006CCE90 /* Frameworks */,
				A7EEDEA21B2969D3006CCE90 /* Resources */,
			);
			buildRules = (
			);
			dependencies = (
				A7EEDEA61B2969D3006CCE90 /* PBXTargetDependency */,
			);
			name = "Day#17TESTTests";
			productName = "Day#17TESTTests";
			productReference = A7EEDEA41B2969D3006CCE90 /* Day#17TESTTests.xctest */;
			productType = "com.apple.product-type.bundle.unit-test";
		};
/* End PBXNativeTarget section */

/* Begin PBXProject section */
		A7EEDE831B2969D3006CCE90 /* Project object */ = {
			isa = PBXProject;
			attributes = {
				LastUpgradeCheck = 0630;
				ORGANIZATIONNAME = lalaleelala;
				TargetAttributes = {
					A7EEDE8A1B2969D3006CCE90 = {
						CreatedOnToolsVersion = 6.3.2;
					};
					A7EEDEA31B2969D3006CCE90 = {
						CreatedOnToolsVersion = 6.3.2;
						TestTargetID = A7EEDE8A1B2969D3006CCE90;
					};
				};
			};
			buildConfigurationList = A7EEDE861B2969D3006CCE90 /* Build configuration list for PBXProject "Day#17TEST" */;
			compatibilityVersion = "Xcode 3.2";
			developmentRegion = English;
			hasScannedForEncodings = 0;
			knownRegions = (
				en,
				Base,
			);
			mainGroup = A7EEDE821B2969D3006CCE90;
			productRefGroup = A7EEDE8C1B2969D3006CCE90 /* Products */;
			projectDirPath = "";
			projectRoot = "";
			targets = (
				A7EEDE8A1B2969D3006CCE90 /* Day#17TEST */,
				A7EEDEA31B2969D3006CCE90 /* Day#17TESTTests */,
			);
		};
/* End PBXProject section */

/* Begin PBXResourcesBuildPhase section */
		A7EEDE891B2969D3006CCE90 /* Resources */ = {
			isa = PBXResourcesBuildPhase;
			buildActionMask = 2147483647;
			files = (
				A7EEDE9A1B2969D3006CCE90 /* Main.storyboard in Resources */,
				A7EEDE9F1B2969D3006CCE90 /* LaunchScreen.xib in Resources */,
				A7EEDE9C1B2969D3006CCE90 /* Images.xcassets in Resources */,
			);
			runOnlyForDeploymentPostprocessing = 0;
		};
		A7EEDEA21B2969D3006CCE90 /* Resources */ = {
			isa = PBXResourcesBuildPhase;
			buildActionMask = 2147483647;
			files = (
			);
			runOnlyForDeploymentPostprocessing = 0;
		};
/* End PBXResourcesBuildPhase section */

/* Begin PBXSourcesBuildPhase section */
		A7EEDE871B2969D3006CCE90 /* Sources */ = {
			isa = PBXSourcesBuildPhase;
			buildActionMask = 2147483647;
			files = (
				A7EEDE971B2969D3006CCE90 /* ViewController.m in Sources */,
				A7EEDE941B2969D3006CCE90 /* AppDelegate.m in Sources */,
				A7EEDE911B2969D3006CCE90 /* main.m in Sources */,
			);
			runOnlyForDeploymentPostprocessing = 0;
		};
		A7EEDEA01B2969D3006CCE90 /* Sources */ = {
			isa = PBXSourcesBuildPhase;
			buildActionMask = 2147483647;
			files = (
				A7EEDEAB1B2969D3006CCE90 /* Day_17TESTTests.m in Sources */,
			);
			runOnlyForDeploymentPostprocessing = 0;
		};
/* End PBXSourcesBuildPhase section */

/* Begin PBXTargetDependency section */
		A7EEDEA61B2969D3006CCE90 /* PBXTargetDependency */ = {
			isa = PBXTargetDependency;
			target = A7EEDE8A1B2969D3006CCE90 /* Day#17TEST */;
			targetProxy = A7EEDEA51B2969D3006CCE90 /* PBXContainerItemProxy */;
		};
/* End PBXTargetDependency section */

/* Begin PBXVariantGroup section */
		A7EEDE981B2969D3006CCE90 /* Main.storyboard */ = {
			isa = PBXVariantGroup;
			children = (
				A7EEDE991B2969D3006CCE90 /* Base */,
			);
			name = Main.storyboard;
			sourceTree = "<group>";
		};
		A7EEDE9D1B2969D3006CCE90 /* LaunchScreen.xib */ = {
			isa = PBXVariantGroup;
			children = (
				A7EEDE9E1B2969D3006CCE90 /* Base */,
			);
			name = LaunchScreen.xib;
			sourceTree = "<group>";
		};
/* End PBXVariantGroup section */

/* Begin XCBuildConfiguration section */
		A7EEDEAC1B2969D3006CCE90 /* Debug */ = {
			isa = XCBuildConfiguration;
			buildSettings = {
				ALWAYS_SEARCH_USER_PATHS = NO;
				CLANG_CXX_LANGUAGE_STANDARD = "gnu++0x";
				CLANG_CXX_LIBRARY = "libc++";
				CLANG_ENABLE_MODULES = YES;
				CLANG_ENABLE_OBJC_ARC = YES;
				CLANG_WARN_BOOL_CONVERSION = YES;
				CLANG_WARN_CONSTANT_CONVERSION = YES;
				CLANG_WARN_DIRECT_OBJC_ISA_USAGE = YES_ERROR;
				CLANG_WARN_EMPTY_BODY = YES;
				CLANG_WARN_ENUM_CONVERSION = YES;
				CLANG_WARN_INT_CONVERSION = YES;
				CLANG_WARN_OBJC_ROOT_CLASS = YES_ERROR;
				CLANG_WARN_UNREACHABLE_CODE = YES;
				CLANG_WARN__DUPLICATE_METHOD_MATCH = YES;
				"CODE_SIGN_IDENTITY[sdk=iphoneos*]" = "iPhone Developer";
				COPY_PHASE_STRIP = NO;
				DEBUG_INFORMATION_FORMAT = "dwarf-with-dsym";
				ENABLE_STRICT_OBJC_MSGSEND = YES;
				GCC_C_LANGUAGE_STANDARD = gnu99;
				GCC_DYNAMIC_NO_PIC = NO;
				GCC_NO_COMMON_BLOCKS = YES;
				GCC_OPTIMIZATION_LEVEL = 0;
				GCC_PREPROCESSOR_DEFINITIONS = (
					"DEBUG=1",
					"$(inherited)",
				);
				GCC_SYMBOLS_PRIVATE_EXTERN = NO;
				GCC_WARN_64_TO_32_BIT_CONVERSION = YES;
				GCC_WARN_ABOUT_RETURN_TYPE = YES_ERROR;
				GCC_WARN_UNDECLARED_SELECTOR = YES;
				GCC_WARN_UNINITIALIZED_AUTOS = YES_AGGRESSIVE;
				GCC_WARN_UNUSED_FUNCTION = YES;
				GCC_WARN_UNUSED_VARIABLE = YES;
				IPHONEOS_DEPLOYMENT_TARGET = 8.3;
				MTL_ENABLE_DEBUG_INFO = YES;
				ONLY_ACTIVE_ARCH = YES;
				SDKROOT = iphoneos;
				TARGETED_DEVICE_FAMILY = "1,2";
			};
			name = Debug;
		};
		A7EEDEAD1B2969D3006CCE90 /* Release */ = {
			isa = XCBuildConfiguration;
			buildSettings = {
				ALWAYS_SEARCH_USER_PATHS = NO;
				CLANG_CXX_LANGUAGE_STANDARD = "gnu++0x";
				CLANG_CXX_LIBRARY = "libc++";
				CLANG_ENABLE_MODULES = YES;
				CLANG_ENABLE_OBJC_ARC = YES;
				CLANG_WARN_BOOL_CONVERSION = YES;
				CLANG_WARN_CONSTANT_CONVERSION = YES;
				CLANG_WARN_DIRECT_OBJC_ISA_USAGE = YES_ERROR;
				CLANG_WARN_EMPTY_BODY = YES;
				CLANG_WARN_ENUM_CONVERSION = YES;
				CLANG_WARN_INT_CONVERSION = YES;
				CLANG_WARN_OBJC_ROOT_CLASS = YES_ERROR;
				CLANG_WARN_UNREACHABLE_CODE = YES;
				CLANG_WARN__DUPLICATE_METHOD_MATCH = YES;
				"CODE_SIGN_IDENTITY[sdk=iphoneos*]" = "iPhone Developer";
				COPY_PHASE_STRIP = NO;
				DEBUG_INFORMATION_FORMAT = "dwarf-with-dsym";
				ENABLE_NS_ASSERTIONS = NO;
				ENABLE_STRICT_OBJC_MSGSEND = YES;
				GCC_C_LANGUAGE_STANDARD = gnu99;
				GCC_NO_COMMON_BLOCKS = YES;
				GCC_WARN_64_TO_32_BIT_CONVERSION = YES;
				GCC_WARN_ABOUT_RETURN_TYPE = YES_ERROR;
				GCC_WARN_UNDECLARED_SELECTOR = YES;
				GCC_WARN_UNINITIALIZED_AUTOS = YES_AGGRESSIVE;
				GCC_WARN_UNUSED_FUNCTION = YES;
				GCC_WARN_UNUSED_VARIABLE = YES;
				IPHONEOS_DEPLOYMENT_TARGET = 8.3;
				MTL_ENABLE_DEBUG_INFO = NO;
				SDKROOT = iphoneos;
				TARGETED_DEVICE_FAMILY = "1,2";
				VALIDATE_PRODUCT = YES;
			};
			name = Release;
		};
		A7EEDEAF1B2969D3006CCE90 /* Debug */ = {
			isa = XCBuildConfiguration;
			buildSettings = {
				ASSETCATALOG_COMPILER_APPICON_NAME = AppIcon;
				INFOPLIST_FILE = "Day#17TEST/Info.plist";
				LD_RUNPATH_SEARCH_PATHS = "$(inherited) @executable_path/Frameworks";
				PRODUCT_NAME = "$(TARGET_NAME)";
			};
			name = Debug;
		};
		A7EEDEB01B2969D3006CCE90 /* Release */ = {
			isa = XCBuildConfiguration;
			buildSettings = {
				ASSETCATALOG_COMPILER_APPICON_NAME = AppIcon;
				INFOPLIST_FILE = "Day#17TEST/Info.plist";
				LD_RUNPATH_SEARCH_PATHS = "$(inherited) @executable_path/Frameworks";
				PRODUCT_NAME = "$(TARGET_NAME)";
			};
			name = Release;
		};
		A7EEDEB21B2969D3006CCE90 /* Debug */ = {
			isa = XCBuildConfiguration;
			buildSettings = {
				BUNDLE_LOADER = "$(TEST_HOST)";
				FRAMEWORK_SEARCH_PATHS = (
					"$(SDKROOT)/Developer/Library/Frameworks",
					"$(inherited)",
				);
				GCC_PREPROCESSOR_DEFINITIONS = (
					"DEBUG=1",
					"$(inherited)",
				);
				INFOPLIST_FILE = "Day#17TESTTests/Info.plist";
				LD_RUNPATH_SEARCH_PATHS = "$(inherited) @executable_path/Frameworks @loader_path/Frameworks";
				PRODUCT_NAME = "$(TARGET_NAME)";
				TEST_HOST = "$(BUILT_PRODUCTS_DIR)/Day#17TEST.app/Day#17TEST";
			};
			name = Debug;
		};
		A7EEDEB31B2969D3006CCE90 /* Release */ = {
			isa = XCBuildConfiguration;
			buildSettings = {
				BUNDLE_LOADER = "$(TEST_HOST)";
				FRAMEWORK_SEARCH_PATHS = (
					"$(SDKROOT)/Developer/Library/Frameworks",
					"$(inherited)",
				);
				INFOPLIST_FILE = "Day#17TESTTests/Info.plist";
				LD_RUNPATH_SEARCH_PATHS = "$(inherited) @executable_path/Frameworks @loader_path/Frameworks";
				PRODUCT_NAME = "$(TARGET_NAME)";
				TEST_HOST = "$(BUILT_PRODUCTS_DIR)/Day#17TEST.app/Day#17TEST";
			};
			name = Release;
		};
/* End XCBuildConfiguration section */

/* Begin XCConfigurationList section */
		A7EEDE861B2969D3006CCE90 /* Build configuration list for PBXProject "Day#17TEST" */ = {
			isa = XCConfigurationList;
			buildConfigurations = (
				A7EEDEAC1B2969D3006CCE90 /* Debug */,
				A7EEDEAD1B2969D3006CCE90 /* Release */,
			);
			defaultConfigurationIsVisible = 0;
			defaultConfigurationName = Release;
		};
		A7EEDEAE1B2969D3006CCE90 /* Build configuration list for PBXNativeTarget "Day#17TEST" */ = {
			isa = XCConfigurationList;
			buildConfigurations = (
				A7EEDEAF1B2969D3006CCE90 /* Debug */,
				A7EEDEB01B2969D3006CCE90 /* Release */,
			);
			defaultConfigurationIsVisible = 0;
		};
		A7EEDEB11B2969D3006CCE90 /* Build configuration list for PBXNativeTarget "Day#17TESTTests" */ = {
			isa = XCConfigurationList;
			buildConfigurations = (
				A7EEDEB21B2969D3006CCE90 /* Debug */,
				A7EEDEB31B2969D3006CCE90 /* Release */,
			);
			defaultConfigurationIsVisible = 0;
		};
/* End XCConfigurationList section */
	};
	rootObject = A7EEDE831B2969D3006CCE90 /* Project object */;
}
